
Microsoft Visual Studio Solution File, Format Version 12.00
# Visual Studio Version 17
VisualStudioVersion = 17.5.33627.172
MinimumVisualStudioVersion = 10.0.40219.1
Project("{888888A0-9F3D-457C-B088-3A5042F75D52}") = "Тема 4. Урок 13 - Двумерные списки. Задание 1", "Тема 4. Урок 13 - Двумерные списки. Задание 1\Тема 4. Урок 13 - Двумерные списки. Задание 1.pyproj", "{27620CF4-2744-4004-B1F0-CA22390CF8CD}"
EndProject
Global
	GlobalSection(SolutionConfigurationPlatforms) = preSolution
		Debug|Any CPU = Debug|Any CPU
		Release|Any CPU = Release|Any CPU
	EndGlobalSection
	GlobalSection(ProjectConfigurationPlatforms) = postSolution
		{27620CF4-2744-4004-B1F0-CA22390CF8CD}.Debug|Any CPU.ActiveCfg = Debug|Any CPU
		{27620CF4-2744-4004-B1F0-CA22390CF8CD}.Release|Any CPU.ActiveCfg = Release|Any CPU
	EndGlobalSection
	GlobalSection(SolutionProperties) = preSolution
		HideSolutionNode = FALSE
	EndGlobalSection
	GlobalSection(ExtensibilityGlobals) = postSolution
		SolutionGuid = {335C9BD3-9758-4DF5-8BEE-8527B0A9EDF2}
	EndGlobalSection
EndGlobal
